{
  "name": "kaspa-raffle-indexer",
  "version": "0.7.0",
  "lockfileVersion": 3,
  "requires": true,
  "packages": {
    "": {
      "name": "kaspa-raffle-indexer",
      "version": "0.7.0",
      "dependencies": {
        "@onekeyfe/kaspa-wasm": "1.0.3-alpha.1"
      },
      "engines": {
        "node": ">=22.11.0"
      }
    },
    "node_modules/@onekeyfe/kaspa-wasm": {
      "version": "1.0.3-alpha.1",
      "resolved": "https://registry.npmjs.org/@onekeyfe/kaspa-wasm/-/kaspa-wasm-1.0.3-alpha.1.tgz",
      "integrity": "sha512-7JAMJhQGRi4ZFFauyCzQMb91VtwnS4WCz56FLYP2qRyBJt2Hkrw35YrR7Jo9sbD3X0qvqAKWQxpuznHYx4cghA==",
      "license": "ISC"
    }
  }
}
